
Microsoft Visual Studio Solution File, Format Version 11.00
# Visual Studio 2010
Project("{8BC9CEB8-8B4A-11D0-8D11-00A0C91BC942}") = "15thPattern", "15thPattern\15thPattern.vcxproj", "{D2577765-F6B3-4C99-B2A0-A9CA749D6B13}"
EndProject
Global
	GlobalSection(SolutionConfigurationPlatforms) = preSolution
		Debug|Win32 = Debug|Win32
		Release|Win32 = Release|Win32
	EndGlobalSection
	GlobalSection(ProjectConfigurationPlatforms) = postSolution
		{D2577765-F6B3-4C99-B2A0-A9CA749D6B13}.Debug|Win32.ActiveCfg = Debug|Win32
		{D2577765-F6B3-4C99-B2A0-A9CA749D6B13}.Debug|Win32.Build.0 = Debug|Win32
		{D2577765-F6B3-4C99-B2A0-A9CA749D6B13}.Release|Win32.ActiveCfg = Release|Win32
		{D2577765-F6B3-4C99-B2A0-A9CA749D6B13}.Release|Win32.Build.0 = Release|Win32
	EndGlobalSection
	GlobalSection(SolutionProperties) = preSolution
		HideSolutionNode = FALSE
	EndGlobalSection
EndGlobal
