
Microsoft Visual Studio Solution File, Format Version 11.00
# Visual Studio 2010
Project("{8BC9CEB8-8B4A-11D0-8D11-00A0C91BC942}") = "2ndPattern", "2ndPattern\2ndPattern.vcxproj", "{3091B667-B5FA-4CBF-89B4-6E1A72FFFA1B}"
EndProject
Global
	GlobalSection(SolutionConfigurationPlatforms) = preSolution
		Debug|Win32 = Debug|Win32
		Release|Win32 = Release|Win32
	EndGlobalSection
	GlobalSection(ProjectConfigurationPlatforms) = postSolution
		{3091B667-B5FA-4CBF-89B4-6E1A72FFFA1B}.Debug|Win32.ActiveCfg = Debug|Win32
		{3091B667-B5FA-4CBF-89B4-6E1A72FFFA1B}.Debug|Win32.Build.0 = Debug|Win32
		{3091B667-B5FA-4CBF-89B4-6E1A72FFFA1B}.Release|Win32.ActiveCfg = Release|Win32
		{3091B667-B5FA-4CBF-89B4-6E1A72FFFA1B}.Release|Win32.Build.0 = Release|Win32
	EndGlobalSection
	GlobalSection(SolutionProperties) = preSolution
		HideSolutionNode = FALSE
	EndGlobalSection
EndGlobal
