
Microsoft Visual Studio Solution File, Format Version 11.00
# Visual Studio 2010
Project("{8BC9CEB8-8B4A-11D0-8D11-00A0C91BC942}") = "23thPattern", "23thPattern\23thPattern.vcxproj", "{60E30E27-0DB9-42C4-A075-ED531D3472A4}"
EndProject
Global
	GlobalSection(SolutionConfigurationPlatforms) = preSolution
		Debug|Win32 = Debug|Win32
		Release|Win32 = Release|Win32
	EndGlobalSection
	GlobalSection(ProjectConfigurationPlatforms) = postSolution
		{60E30E27-0DB9-42C4-A075-ED531D3472A4}.Debug|Win32.ActiveCfg = Debug|Win32
		{60E30E27-0DB9-42C4-A075-ED531D3472A4}.Debug|Win32.Build.0 = Debug|Win32
		{60E30E27-0DB9-42C4-A075-ED531D3472A4}.Release|Win32.ActiveCfg = Release|Win32
		{60E30E27-0DB9-42C4-A075-ED531D3472A4}.Release|Win32.Build.0 = Release|Win32
	EndGlobalSection
	GlobalSection(SolutionProperties) = preSolution
		HideSolutionNode = FALSE
	EndGlobalSection
EndGlobal
